<?xml version="1.0" encoding="utf-8"?>
<Project ToolsVersion="4.0" xmlns="http://schemas.microsoft.com/developer/msbuild/2003">
  <ItemGroup>
    <Filter Include="Source Files">
      <UniqueIdentifier>{4FC737F1-C7A5-4376-A066-2A32D752A2FF}</UniqueIdentifier>
      <Extensions>cpp;c;cc;cxx;def;odl;idl;hpj;bat;asm;asmx</Extensions>
    </Filter>
    <Filter Include="Header Files">
      <UniqueIdentifier>{93995380-89BD-4b04-88EB-625FBE52EBFB}</UniqueIdentifier>
      <Extensions>h;hpp;hxx;hm;inl;inc;xsd</Extensions>
    </Filter>
    <Filter Include="Resource Files">
      <UniqueIdentifier>{67DA6AB6-F800-4c08-8B7A-83BB121AAD01}</UniqueIdentifier>
      <Extensions>rc;ico;cur;bmp;dlg;rc2;rct;bin;rgs;gif;jpg;jpeg;jpe;resx;tiff;tif;png;wav</Extensions>
    </Filter>
    <Filter Include="CommandX">
      <UniqueIdentifier>{7bfe5469-f20b-4369-bce8-bfc47853d28e}</UniqueIdentifier>
    </Filter>
  </ItemGroup>
  <ItemGroup>
    <ClCompile Include="Axes.cpp">
      <Filter>Source Files</Filter>
    </ClCompile>
    <ClCompile Include="EditorPlugin_ObjectEditor.cpp">
      <Filter>Source Files</Filter>
    </ClCompile>
    <ClCompile Include="EditState_Create.cpp">
      <Filter>Source Files</Filter>
    </ClCompile>
    <ClCompile Include="EditState_Select.cpp">
      <Filter>Source Files</Filter>
    </ClCompile>
    <ClCompile Include="stdafx.cpp">
      <Filter>Source Files</Filter>
    </ClCompile>
    <ClCompile Include="ActiveEdit.cpp">
      <Filter>CommandX</Filter>
    </ClCompile>
    <ClCompile Include="Cmd_CreateObject.cpp">
      <Filter>CommandX</Filter>
    </ClCompile>
    <ClCompile Include="Cmd_MoveObject.cpp">
      <Filter>CommandX</Filter>
    </ClCompile>
    <ClCompile Include="Cmd_RotateObject.cpp">
      <Filter>CommandX</Filter>
    </ClCompile>
    <ClCompile Include="Cmd_ScaleObject.cpp">
      <Filter>CommandX</Filter>
    </ClCompile>
  </ItemGroup>
  <ItemGroup>
    <ClInclude Include="Axes.h">
      <Filter>Header Files</Filter>
    </ClInclude>
    <ClInclude Include="EditorPlugin_ObjectEditor.h">
      <Filter>Header Files</Filter>
    </ClInclude>
    <ClInclude Include="EditState_Create.h">
      <Filter>Header Files</Filter>
    </ClInclude>
    <ClInclude Include="EditState_Select.h">
      <Filter>Header Files</Filter>
    </ClInclude>
    <ClInclude Include="ObjectEditPrerequisites.h">
      <Filter>Header Files</Filter>
    </ClInclude>
    <ClInclude Include="Resource.h">
      <Filter>Header Files</Filter>
    </ClInclude>
    <ClInclude Include="stdafx.h">
      <Filter>Header Files</Filter>
    </ClInclude>
    <ClInclude Include="targetver.h">
      <Filter>Header Files</Filter>
    </ClInclude>
    <ClInclude Include="ActiveEdit.h">
      <Filter>CommandX</Filter>
    </ClInclude>
    <ClInclude Include="Cmd_CreateObject.h">
      <Filter>CommandX</Filter>
    </ClInclude>
    <ClInclude Include="Cmd_MoveObject.h">
      <Filter>CommandX</Filter>
    </ClInclude>
    <ClInclude Include="Cmd_RotateObject.h">
      <Filter>CommandX</Filter>
    </ClInclude>
    <ClInclude Include="Cmd_ScaleObject.h">
      <Filter>CommandX</Filter>
    </ClInclude>
  </ItemGroup>
  <ItemGroup>
    <None Include="res\create.ico">
      <Filter>Resource Files</Filter>
    </None>
    <None Include="..\..\..\BK20100224\新建文件夹 (2)\Create.png">
      <Filter>Resource Files</Filter>
    </None>
    <None Include="res\Edit_Move.cur">
      <Filter>Resource Files</Filter>
    </None>
    <None Include="res\Edit_Rotate.cur">
      <Filter>Resource Files</Filter>
    </None>
    <None Include="res\Edit_Scale.cur">
      <Filter>Resource Files</Filter>
    </None>
    <None Include="res\Edit_Select.cur">
      <Filter>Resource Files</Filter>
    </None>
    <None Include="res\icon1.ico">
      <Filter>Resource Files</Filter>
    </None>
    <None Include="res\Move.ico">
      <Filter>Resource Files</Filter>
    </None>
    <None Include="res\Move_X.cur">
      <Filter>Resource Files</Filter>
    </None>
    <None Include="res\Move_Y.cur">
      <Filter>Resource Files</Filter>
    </None>
    <None Include="res\Move_Z.cur">
      <Filter>Resource Files</Filter>
    </None>
    <None Include="res\Rotate.ico">
      <Filter>Resource Files</Filter>
    </None>
    <None Include="res\Rotate_X.cur">
      <Filter>Resource Files</Filter>
    </None>
    <None Include="res\Rotate_Y.cur">
      <Filter>Resource Files</Filter>
    </None>
    <None Include="res\Rotate_Z.cur">
      <Filter>Resource Files</Filter>
    </None>
    <None Include="res\Scale.ico">
      <Filter>Resource Files</Filter>
    </None>
    <None Include="res\Select.ico">
      <Filter>Resource Files</Filter>
    </None>
    <None Include="ReadMe.txt" />
  </ItemGroup>
  <ItemGroup>
    <ResourceCompile Include="EditorPlugin_ObjectEditor.rc">
      <Filter>Resource Files</Filter>
    </ResourceCompile>
  </ItemGroup>
</Project>