
Microsoft Visual Studio Solution File, Format Version 11.00
# Visual Studio 2010
Project("{2150E333-8FDC-42A3-9474-1A3956D46DE8}") = "GameEngine", "GameEngine", "{9EF57A0F-517C-41EC-8D89-E64DD5155B94}"
EndProject
Project("{2150E333-8FDC-42A3-9474-1A3956D46DE8}") = "Client", "Client", "{3C212C62-83AC-4424-8533-5733DB7CC9E7}"
EndProject
Project("{2150E333-8FDC-42A3-9474-1A3956D46DE8}") = "Engine", "Engine", "{A0575B45-CF27-4743-8D98-9C279D4049EC}"
EndProject
Project("{2150E333-8FDC-42A3-9474-1A3956D46DE8}") = "Server", "Server", "{5A0049CE-C6A3-4003-A80C-4EFA5AC62708}"
EndProject
Project("{2150E333-8FDC-42A3-9474-1A3956D46DE8}") = "Test", "Test", "{3E083240-D4BB-4781-8AFE-3844EE0E97EB}"
EndProject
Project("{2150E333-8FDC-42A3-9474-1A3956D46DE8}") = "Tools", "Tools", "{F58A4268-B3FC-430E-A749-7783E6DDF784}"
EndProject
Project("{2150E333-8FDC-42A3-9474-1A3956D46DE8}") = "ProjConfig", "ProjConfig", "{5056187C-1B31-43EA-AF74-64276FD52A23}"
	ProjectSection(SolutionItems) = preProject
		ACE.vsprops = ACE.vsprops
		boost.vsprops = boost.vsprops
		CEGUI.vsprops = CEGUI.vsprops
		DLL.vsprops = DLL.vsprops
		DX9.vsprops = DX9.vsprops
		Exe.vsprops = Exe.vsprops
		ogg.vsprops = ogg.vsprops
		Ogre.vsprops = Ogre.vsprops
	EndProjectSection
EndProject
Project("{8BC9CEB8-8B4A-11D0-8D11-00A0C91BC942}") = "Core", "Core\Core.vcxproj", "{32631D3A-9132-48FA-9F9D-F7AC6A23E75B}"
EndProject
Project("{8BC9CEB8-8B4A-11D0-8D11-00A0C91BC942}") = "Editor", "Editor\Editor.vcxproj", "{0E5E7E9B-4674-4200-BD1D-F7F82EF2D8DB}"
EndProject
Project("{8BC9CEB8-8B4A-11D0-8D11-00A0C91BC942}") = "Engine", "Engine\Engine.vcxproj", "{EA5E5381-38A5-493B-8FC8-1F0C5FBC5E17}"
EndProject
Project("{8BC9CEB8-8B4A-11D0-8D11-00A0C91BC942}") = "Launch", "Launch\Launch.vcxproj", "{97858F3A-F8F4-485C-A972-B0DD2836D274}"
EndProject
Project("{8BC9CEB8-8B4A-11D0-8D11-00A0C91BC942}") = "TestCore", "TestCore\TestCore.vcxproj", "{BF050AEB-31F0-47FB-B92A-810A8EDBB2A7}"
EndProject
Project("{8BC9CEB8-8B4A-11D0-8D11-00A0C91BC942}") = "EditorCore", "EditorCore\EditorCore.vcxproj", "{8C710A48-866B-44CE-8094-DD66ACFAFA55}"
EndProject
Project("{8BC9CEB8-8B4A-11D0-8D11-00A0C91BC942}") = "Plugin_OgreEx", "Plugin_OgreEx\Plugin_OgreEx.vcxproj", "{CA032B61-F5CF-49B3-9FD9-AA6D15566025}"
EndProject
Project("{8BC9CEB8-8B4A-11D0-8D11-00A0C91BC942}") = "EditorPlugin_ParticleEditor", "EditorPlugin_ParticleEditor\EditorPlugin_ParticleEditor.vcxproj", "{B62297C6-6D59-448B-B2BB-98FD583B7CF9}"
EndProject
Project("{8BC9CEB8-8B4A-11D0-8D11-00A0C91BC942}") = "EditorPlugin_MaterialEditor", "EditorPlugin_MaterialEditor\EditorPlugin_MaterialEditor.vcxproj", "{EF10D262-52FF-498D-8E2F-E0C699684646}"
EndProject
Project("{8BC9CEB8-8B4A-11D0-8D11-00A0C91BC942}") = "EditorPlugin_MeshEditor", "EditorPlugin_MeshEditor\EditorPlugin_MeshEditor.vcxproj", "{A6EBB834-2C89-4D7E-8C7A-DED87CF3FA60}"
EndProject
Project("{8BC9CEB8-8B4A-11D0-8D11-00A0C91BC942}") = "EditorPlugin_NavMeshEditor", "EditorPlugin_NavMeshEditor\EditorPlugin_NavMeshEditor.vcxproj", "{D4146FA3-C663-43C8-8BFE-C8960EC7D49B}"
EndProject
Project("{8BC9CEB8-8B4A-11D0-8D11-00A0C91BC942}") = "EditorPlugin_ObjectEditor", "EditorPlugin_ObjectEditor\EditorPlugin_ObjectEditor.vcxproj", "{877F4FB1-AB3B-4CF4-8BB0-A40A9F0CB0B5}"
EndProject
Project("{8BC9CEB8-8B4A-11D0-8D11-00A0C91BC942}") = "Oge_XAudio", "Oge_XAudio\Oge_XAudio.vcxproj", "{9A351F2D-BE4E-45AD-AD21-359719B135A2}"
EndProject
Project("{8BC9CEB8-8B4A-11D0-8D11-00A0C91BC942}") = "Oge_CEGUI", "Oge_CEGUI\Oge_CEGUI.vcxproj", "{B119AB75-E5EE-4F61-8733-F2D288FE9CD5}"
EndProject
Project("{8BC9CEB8-8B4A-11D0-8D11-00A0C91BC942}") = "EditorPlugin_TerrainEditor", "EditorPlugin_TerrainEditor\EditorPlugin_TerrainEditor.vcxproj", "{0CA79420-D4E1-4D84-9B29-03C3C4B3EDAB}"
EndProject
Project("{8BC9CEB8-8B4A-11D0-8D11-00A0C91BC942}") = "Oge_EnginePlugin", "Oge_EnginePlugin\Oge_EnginePlugin.vcxproj", "{3F62C1A0-9F68-4AFB-93B3-E16E26EE1FBC}"
EndProject
Project("{8BC9CEB8-8B4A-11D0-8D11-00A0C91BC942}") = "EditorPlugin_CinemaEditor", "EditorPlugin_CinemaEditor\EditorPlugin_CinemaEditor.vcxproj", "{51EB3279-F3DA-46EE-910F-78D88942B2B8}"
EndProject
Project("{8BC9CEB8-8B4A-11D0-8D11-00A0C91BC942}") = "Plugin_ParticeX", "Plugin_ParticeX\Plugin_ParticeX.vcxproj", "{2620E61A-3248-4EB6-B9AC-B57494314B08}"
EndProject
Global
	GlobalSection(SolutionConfigurationPlatforms) = preSolution
		Debug|Win32 = Debug|Win32
		Release|Win32 = Release|Win32
	EndGlobalSection
	GlobalSection(ProjectConfigurationPlatforms) = postSolution
		{32631D3A-9132-48FA-9F9D-F7AC6A23E75B}.Debug|Win32.ActiveCfg = Debug|Win32
		{32631D3A-9132-48FA-9F9D-F7AC6A23E75B}.Debug|Win32.Build.0 = Debug|Win32
		{32631D3A-9132-48FA-9F9D-F7AC6A23E75B}.Release|Win32.ActiveCfg = Release|Win32
		{32631D3A-9132-48FA-9F9D-F7AC6A23E75B}.Release|Win32.Build.0 = Release|Win32
		{0E5E7E9B-4674-4200-BD1D-F7F82EF2D8DB}.Debug|Win32.ActiveCfg = Debug|Win32
		{0E5E7E9B-4674-4200-BD1D-F7F82EF2D8DB}.Debug|Win32.Build.0 = Debug|Win32
		{0E5E7E9B-4674-4200-BD1D-F7F82EF2D8DB}.Release|Win32.ActiveCfg = Release|Win32
		{0E5E7E9B-4674-4200-BD1D-F7F82EF2D8DB}.Release|Win32.Build.0 = Release|Win32
		{EA5E5381-38A5-493B-8FC8-1F0C5FBC5E17}.Debug|Win32.ActiveCfg = Debug|Win32
		{EA5E5381-38A5-493B-8FC8-1F0C5FBC5E17}.Debug|Win32.Build.0 = Debug|Win32
		{EA5E5381-38A5-493B-8FC8-1F0C5FBC5E17}.Release|Win32.ActiveCfg = Release|Win32
		{EA5E5381-38A5-493B-8FC8-1F0C5FBC5E17}.Release|Win32.Build.0 = Release|Win32
		{97858F3A-F8F4-485C-A972-B0DD2836D274}.Debug|Win32.ActiveCfg = Debug|Win32
		{97858F3A-F8F4-485C-A972-B0DD2836D274}.Debug|Win32.Build.0 = Debug|Win32
		{97858F3A-F8F4-485C-A972-B0DD2836D274}.Release|Win32.ActiveCfg = Release|Win32
		{97858F3A-F8F4-485C-A972-B0DD2836D274}.Release|Win32.Build.0 = Release|Win32
		{BF050AEB-31F0-47FB-B92A-810A8EDBB2A7}.Debug|Win32.ActiveCfg = Debug|Win32
		{BF050AEB-31F0-47FB-B92A-810A8EDBB2A7}.Debug|Win32.Build.0 = Debug|Win32
		{BF050AEB-31F0-47FB-B92A-810A8EDBB2A7}.Release|Win32.ActiveCfg = Release|Win32
		{BF050AEB-31F0-47FB-B92A-810A8EDBB2A7}.Release|Win32.Build.0 = Release|Win32
		{8C710A48-866B-44CE-8094-DD66ACFAFA55}.Debug|Win32.ActiveCfg = Debug|Win32
		{8C710A48-866B-44CE-8094-DD66ACFAFA55}.Debug|Win32.Build.0 = Debug|Win32
		{8C710A48-866B-44CE-8094-DD66ACFAFA55}.Release|Win32.ActiveCfg = Release|Win32
		{8C710A48-866B-44CE-8094-DD66ACFAFA55}.Release|Win32.Build.0 = Release|Win32
		{CA032B61-F5CF-49B3-9FD9-AA6D15566025}.Debug|Win32.ActiveCfg = Debug|Win32
		{CA032B61-F5CF-49B3-9FD9-AA6D15566025}.Debug|Win32.Build.0 = Debug|Win32
		{CA032B61-F5CF-49B3-9FD9-AA6D15566025}.Release|Win32.ActiveCfg = Release|Win32
		{CA032B61-F5CF-49B3-9FD9-AA6D15566025}.Release|Win32.Build.0 = Release|Win32
		{B62297C6-6D59-448B-B2BB-98FD583B7CF9}.Debug|Win32.ActiveCfg = Debug|Win32
		{B62297C6-6D59-448B-B2BB-98FD583B7CF9}.Debug|Win32.Build.0 = Debug|Win32
		{B62297C6-6D59-448B-B2BB-98FD583B7CF9}.Release|Win32.ActiveCfg = Release|Win32
		{B62297C6-6D59-448B-B2BB-98FD583B7CF9}.Release|Win32.Build.0 = Release|Win32
		{EF10D262-52FF-498D-8E2F-E0C699684646}.Debug|Win32.ActiveCfg = Debug|Win32
		{EF10D262-52FF-498D-8E2F-E0C699684646}.Debug|Win32.Build.0 = Debug|Win32
		{EF10D262-52FF-498D-8E2F-E0C699684646}.Release|Win32.ActiveCfg = Release|Win32
		{EF10D262-52FF-498D-8E2F-E0C699684646}.Release|Win32.Build.0 = Release|Win32
		{A6EBB834-2C89-4D7E-8C7A-DED87CF3FA60}.Debug|Win32.ActiveCfg = Debug|Win32
		{A6EBB834-2C89-4D7E-8C7A-DED87CF3FA60}.Debug|Win32.Build.0 = Debug|Win32
		{A6EBB834-2C89-4D7E-8C7A-DED87CF3FA60}.Release|Win32.ActiveCfg = Release|Win32
		{A6EBB834-2C89-4D7E-8C7A-DED87CF3FA60}.Release|Win32.Build.0 = Release|Win32
		{D4146FA3-C663-43C8-8BFE-C8960EC7D49B}.Debug|Win32.ActiveCfg = Debug|Win32
		{D4146FA3-C663-43C8-8BFE-C8960EC7D49B}.Debug|Win32.Build.0 = Debug|Win32
		{D4146FA3-C663-43C8-8BFE-C8960EC7D49B}.Release|Win32.ActiveCfg = Release|Win32
		{D4146FA3-C663-43C8-8BFE-C8960EC7D49B}.Release|Win32.Build.0 = Release|Win32
		{877F4FB1-AB3B-4CF4-8BB0-A40A9F0CB0B5}.Debug|Win32.ActiveCfg = Debug|Win32
		{877F4FB1-AB3B-4CF4-8BB0-A40A9F0CB0B5}.Debug|Win32.Build.0 = Debug|Win32
		{877F4FB1-AB3B-4CF4-8BB0-A40A9F0CB0B5}.Release|Win32.ActiveCfg = Release|Win32
		{877F4FB1-AB3B-4CF4-8BB0-A40A9F0CB0B5}.Release|Win32.Build.0 = Release|Win32
		{9A351F2D-BE4E-45AD-AD21-359719B135A2}.Debug|Win32.ActiveCfg = Debug|Win32
		{9A351F2D-BE4E-45AD-AD21-359719B135A2}.Debug|Win32.Build.0 = Debug|Win32
		{9A351F2D-BE4E-45AD-AD21-359719B135A2}.Release|Win32.ActiveCfg = Release|Win32
		{9A351F2D-BE4E-45AD-AD21-359719B135A2}.Release|Win32.Build.0 = Release|Win32
		{B119AB75-E5EE-4F61-8733-F2D288FE9CD5}.Debug|Win32.ActiveCfg = Debug|Win32
		{B119AB75-E5EE-4F61-8733-F2D288FE9CD5}.Debug|Win32.Build.0 = Debug|Win32
		{B119AB75-E5EE-4F61-8733-F2D288FE9CD5}.Release|Win32.ActiveCfg = Release|Win32
		{B119AB75-E5EE-4F61-8733-F2D288FE9CD5}.Release|Win32.Build.0 = Release|Win32
		{0CA79420-D4E1-4D84-9B29-03C3C4B3EDAB}.Debug|Win32.ActiveCfg = Debug|Win32
		{0CA79420-D4E1-4D84-9B29-03C3C4B3EDAB}.Debug|Win32.Build.0 = Debug|Win32
		{0CA79420-D4E1-4D84-9B29-03C3C4B3EDAB}.Release|Win32.ActiveCfg = Release|Win32
		{0CA79420-D4E1-4D84-9B29-03C3C4B3EDAB}.Release|Win32.Build.0 = Release|Win32
		{3F62C1A0-9F68-4AFB-93B3-E16E26EE1FBC}.Debug|Win32.ActiveCfg = Debug|Win32
		{3F62C1A0-9F68-4AFB-93B3-E16E26EE1FBC}.Debug|Win32.Build.0 = Debug|Win32
		{3F62C1A0-9F68-4AFB-93B3-E16E26EE1FBC}.Release|Win32.ActiveCfg = Release|Win32
		{3F62C1A0-9F68-4AFB-93B3-E16E26EE1FBC}.Release|Win32.Build.0 = Release|Win32
		{51EB3279-F3DA-46EE-910F-78D88942B2B8}.Debug|Win32.ActiveCfg = Debug|Win32
		{51EB3279-F3DA-46EE-910F-78D88942B2B8}.Debug|Win32.Build.0 = Debug|Win32
		{51EB3279-F3DA-46EE-910F-78D88942B2B8}.Release|Win32.ActiveCfg = Release|Win32
		{51EB3279-F3DA-46EE-910F-78D88942B2B8}.Release|Win32.Build.0 = Release|Win32
		{2620E61A-3248-4EB6-B9AC-B57494314B08}.Debug|Win32.ActiveCfg = Debug|Win32
		{2620E61A-3248-4EB6-B9AC-B57494314B08}.Debug|Win32.Build.0 = Debug|Win32
		{2620E61A-3248-4EB6-B9AC-B57494314B08}.Release|Win32.ActiveCfg = Release|Win32
		{2620E61A-3248-4EB6-B9AC-B57494314B08}.Release|Win32.Build.0 = Release|Win32
	EndGlobalSection
	GlobalSection(SolutionProperties) = preSolution
		HideSolutionNode = FALSE
	EndGlobalSection
	GlobalSection(NestedProjects) = preSolution
		{A0575B45-CF27-4743-8D98-9C279D4049EC} = {9EF57A0F-517C-41EC-8D89-E64DD5155B94}
		{5A0049CE-C6A3-4003-A80C-4EFA5AC62708} = {9EF57A0F-517C-41EC-8D89-E64DD5155B94}
		{F58A4268-B3FC-430E-A749-7783E6DDF784} = {9EF57A0F-517C-41EC-8D89-E64DD5155B94}
		{97858F3A-F8F4-485C-A972-B0DD2836D274} = {3C212C62-83AC-4424-8533-5733DB7CC9E7}
		{32631D3A-9132-48FA-9F9D-F7AC6A23E75B} = {A0575B45-CF27-4743-8D98-9C279D4049EC}
		{EA5E5381-38A5-493B-8FC8-1F0C5FBC5E17} = {A0575B45-CF27-4743-8D98-9C279D4049EC}
		{CA032B61-F5CF-49B3-9FD9-AA6D15566025} = {A0575B45-CF27-4743-8D98-9C279D4049EC}
		{9A351F2D-BE4E-45AD-AD21-359719B135A2} = {A0575B45-CF27-4743-8D98-9C279D4049EC}
		{B119AB75-E5EE-4F61-8733-F2D288FE9CD5} = {A0575B45-CF27-4743-8D98-9C279D4049EC}
		{3F62C1A0-9F68-4AFB-93B3-E16E26EE1FBC} = {A0575B45-CF27-4743-8D98-9C279D4049EC}
		{2620E61A-3248-4EB6-B9AC-B57494314B08} = {A0575B45-CF27-4743-8D98-9C279D4049EC}
		{BF050AEB-31F0-47FB-B92A-810A8EDBB2A7} = {3E083240-D4BB-4781-8AFE-3844EE0E97EB}
		{0E5E7E9B-4674-4200-BD1D-F7F82EF2D8DB} = {F58A4268-B3FC-430E-A749-7783E6DDF784}
		{8C710A48-866B-44CE-8094-DD66ACFAFA55} = {F58A4268-B3FC-430E-A749-7783E6DDF784}
		{B62297C6-6D59-448B-B2BB-98FD583B7CF9} = {F58A4268-B3FC-430E-A749-7783E6DDF784}
		{EF10D262-52FF-498D-8E2F-E0C699684646} = {F58A4268-B3FC-430E-A749-7783E6DDF784}
		{A6EBB834-2C89-4D7E-8C7A-DED87CF3FA60} = {F58A4268-B3FC-430E-A749-7783E6DDF784}
		{D4146FA3-C663-43C8-8BFE-C8960EC7D49B} = {F58A4268-B3FC-430E-A749-7783E6DDF784}
		{877F4FB1-AB3B-4CF4-8BB0-A40A9F0CB0B5} = {F58A4268-B3FC-430E-A749-7783E6DDF784}
		{0CA79420-D4E1-4D84-9B29-03C3C4B3EDAB} = {F58A4268-B3FC-430E-A749-7783E6DDF784}
		{51EB3279-F3DA-46EE-910F-78D88942B2B8} = {F58A4268-B3FC-430E-A749-7783E6DDF784}
	EndGlobalSection
EndGlobal
