<?xml version="1.0" encoding="utf-8"?>
<Project ToolsVersion="4.0" xmlns="http://schemas.microsoft.com/developer/msbuild/2003">
  <ItemGroup>
    <Filter Include="cegui">
      <UniqueIdentifier>{e1782274-7288-4ecc-aca4-e60067f32eed}</UniqueIdentifier>
    </Filter>
    <Filter Include="cegui\src">
      <UniqueIdentifier>{2bde730b-96e7-49a4-84f3-4bb2404890bd}</UniqueIdentifier>
    </Filter>
    <Filter Include="cegui\src\ImageCodecModules">
      <UniqueIdentifier>{1952aafe-483a-49e7-8d25-153e243e64ee}</UniqueIdentifier>
    </Filter>
    <Filter Include="cegui\src\ImageCodecModules\SILLYImageCodec">
      <UniqueIdentifier>{ca892094-23cd-452c-a302-05ffa02a74a3}</UniqueIdentifier>
    </Filter>
    <Filter Include="cegui\include">
      <UniqueIdentifier>{e494eeed-6ad9-4dc2-a7bd-5f8a65658ada}</UniqueIdentifier>
    </Filter>
    <Filter Include="cegui\include\ImageCodecModules">
      <UniqueIdentifier>{7ae3ca9e-3325-429c-b8ee-baf425113477}</UniqueIdentifier>
    </Filter>
    <Filter Include="cegui\include\ImageCodecModules\SILLYImageCodec">
      <UniqueIdentifier>{4b95ff45-dbb3-4c34-8131-b83ae19df0a8}</UniqueIdentifier>
    </Filter>
  </ItemGroup>
  <ItemGroup>
    <ClCompile Include="..\..\..\..\cegui\src\ImageCodecModules\SILLYImageCodec\CEGUISILLYImageCodec.cpp">
      <Filter>cegui\src\ImageCodecModules\SILLYImageCodec</Filter>
    </ClCompile>
    <ClCompile Include="..\..\..\..\cegui\src\ImageCodecModules\SILLYImageCodec\CEGUISILLYImageCodecModule.cpp">
      <Filter>cegui\src\ImageCodecModules\SILLYImageCodec</Filter>
    </ClCompile>
  </ItemGroup>
  <ItemGroup>
    <ClInclude Include="..\..\..\..\cegui\include\ImageCodecModules\SILLYImageCodec\CEGUISILLYImageCodec.h">
      <Filter>cegui\include\ImageCodecModules\SILLYImageCodec</Filter>
    </ClInclude>
    <ClInclude Include="..\..\..\..\cegui\include\ImageCodecModules\SILLYImageCodec\CEGUISILLYImageCodecModule.h">
      <Filter>cegui\include\ImageCodecModules\SILLYImageCodec</Filter>
    </ClInclude>
  </ItemGroup>
</Project>